
Microsoft Visual Studio Solution File, Format Version 12.00
# Visual Studio Version 17
VisualStudioVersion = 17.8.34316.72
MinimumVisualStudioVersion = 10.0.40219.1
Project("{FAE04EC0-301F-11D3-BF4B-00C04F79EFBC}") = "demo", "demo\demo.csproj", "{84E665D7-6CFB-4D47-84B5-A34A5AE3C9EF}"
EndProject
Global
	GlobalSection(SolutionConfigurationPlatforms) = preSolution
		Debug|Any CPU = Debug|Any CPU
		Release|Any CPU = Release|Any CPU
	EndGlobalSection
	GlobalSection(ProjectConfigurationPlatforms) = postSolution
		{84E665D7-6CFB-4D47-84B5-A34A5AE3C9EF}.Debug|Any CPU.ActiveCfg = Debug|Any CPU
		{84E665D7-6CFB-4D47-84B5-A34A5AE3C9EF}.Debug|Any CPU.Build.0 = Debug|Any CPU
		{84E665D7-6CFB-4D47-84B5-A34A5AE3C9EF}.Release|Any CPU.ActiveCfg = Release|Any CPU
		{84E665D7-6CFB-4D47-84B5-A34A5AE3C9EF}.Release|Any CPU.Build.0 = Release|Any CPU
	EndGlobalSection
	GlobalSection(SolutionProperties) = preSolution
		HideSolutionNode = FALSE
	EndGlobalSection
	GlobalSection(ExtensibilityGlobals) = postSolution
		SolutionGuid = {834AAD9B-5D77-4DF9-8D8C-478DDDA8B641}
	EndGlobalSection
EndGlobal
